
Microsoft Visual Studio Solution File, Format Version 12.00
# Visual Studio Version 17
VisualStudioVersion = 17.2.32505.173
MinimumVisualStudioVersion = 10.0.40219.1
Project("{FAE04EC0-301F-11D3-BF4B-00C04F79EFBC}") = "BGU202220519-TryCatch", "BGU202220519-TryCatch\BGU202220519-TryCatch.csproj", "{0FC11661-007B-4531-BB41-409DDC09FC93}"
EndProject
Global
	GlobalSection(SolutionConfigurationPlatforms) = preSolution
		Debug|Any CPU = Debug|Any CPU
		Release|Any CPU = Release|Any CPU
	EndGlobalSection
	GlobalSection(ProjectConfigurationPlatforms) = postSolution
		{0FC11661-007B-4531-BB41-409DDC09FC93}.Debug|Any CPU.ActiveCfg = Debug|Any CPU
		{0FC11661-007B-4531-BB41-409DDC09FC93}.Debug|Any CPU.Build.0 = Debug|Any CPU
		{0FC11661-007B-4531-BB41-409DDC09FC93}.Release|Any CPU.ActiveCfg = Release|Any CPU
		{0FC11661-007B-4531-BB41-409DDC09FC93}.Release|Any CPU.Build.0 = Release|Any CPU
	EndGlobalSection
	GlobalSection(SolutionProperties) = preSolution
		HideSolutionNode = FALSE
	EndGlobalSection
	GlobalSection(ExtensibilityGlobals) = postSolution
		SolutionGuid = {59A0367E-A057-4E5C-8016-081D44FCF18B}
	EndGlobalSection
EndGlobal
