
Microsoft Visual Studio Solution File, Format Version 12.00
# Visual Studio Version 17
VisualStudioVersion = 17.3.32811.315
MinimumVisualStudioVersion = 10.0.40219.1
Project("{FAE04EC0-301F-11D3-BF4B-00C04F79EFBC}") = "BGUSammanfattning5", "BGUSammanfattning5\BGUSammanfattning5.csproj", "{73E0BCDA-4F7B-4545-A717-F5C4F68122CF}"
EndProject
Global
	GlobalSection(SolutionConfigurationPlatforms) = preSolution
		Debug|Any CPU = Debug|Any CPU
		Release|Any CPU = Release|Any CPU
	EndGlobalSection
	GlobalSection(ProjectConfigurationPlatforms) = postSolution
		{73E0BCDA-4F7B-4545-A717-F5C4F68122CF}.Debug|Any CPU.ActiveCfg = Debug|Any CPU
		{73E0BCDA-4F7B-4545-A717-F5C4F68122CF}.Debug|Any CPU.Build.0 = Debug|Any CPU
		{73E0BCDA-4F7B-4545-A717-F5C4F68122CF}.Release|Any CPU.ActiveCfg = Release|Any CPU
		{73E0BCDA-4F7B-4545-A717-F5C4F68122CF}.Release|Any CPU.Build.0 = Release|Any CPU
	EndGlobalSection
	GlobalSection(SolutionProperties) = preSolution
		HideSolutionNode = FALSE
	EndGlobalSection
	GlobalSection(ExtensibilityGlobals) = postSolution
		SolutionGuid = {D2F12A98-A7DC-4B02-97AF-934A358A26EB}
	EndGlobalSection
EndGlobal
