
Microsoft Visual Studio Solution File, Format Version 12.00
# Visual Studio Version 17
VisualStudioVersion = 17.2.32505.173
MinimumVisualStudioVersion = 10.0.40219.1
Project("{FAE04EC0-301F-11D3-BF4B-00C04F79EFBC}") = "BGU-Klasser20220517", "BGU-Klasser20220517\BGU-Klasser20220517.csproj", "{78645846-1EEA-4FEB-AE34-A563AF292CF0}"
EndProject
Global
	GlobalSection(SolutionConfigurationPlatforms) = preSolution
		Debug|Any CPU = Debug|Any CPU
		Release|Any CPU = Release|Any CPU
	EndGlobalSection
	GlobalSection(ProjectConfigurationPlatforms) = postSolution
		{78645846-1EEA-4FEB-AE34-A563AF292CF0}.Debug|Any CPU.ActiveCfg = Debug|Any CPU
		{78645846-1EEA-4FEB-AE34-A563AF292CF0}.Debug|Any CPU.Build.0 = Debug|Any CPU
		{78645846-1EEA-4FEB-AE34-A563AF292CF0}.Release|Any CPU.ActiveCfg = Release|Any CPU
		{78645846-1EEA-4FEB-AE34-A563AF292CF0}.Release|Any CPU.Build.0 = Release|Any CPU
	EndGlobalSection
	GlobalSection(SolutionProperties) = preSolution
		HideSolutionNode = FALSE
	EndGlobalSection
	GlobalSection(ExtensibilityGlobals) = postSolution
		SolutionGuid = {1B13F2D6-910D-4F5A-A8A8-33A3D9176A44}
	EndGlobalSection
EndGlobal
