
Microsoft Visual Studio Solution File, Format Version 12.00
# Visual Studio Version 17
VisualStudioVersion = 17.2.32616.157
MinimumVisualStudioVersion = 10.0.40219.1
Project("{9A19103F-16F7-4668-BE54-9A1E7A4F7556}") = "Numberguessinggame", "Numberguessinggame.csproj", "{549E4783-912B-4DDD-851B-B9234B6A6B8D}"
EndProject
Global
	GlobalSection(SolutionConfigurationPlatforms) = preSolution
		Debug|Any CPU = Debug|Any CPU
		Release|Any CPU = Release|Any CPU
	EndGlobalSection
	GlobalSection(ProjectConfigurationPlatforms) = postSolution
		{549E4783-912B-4DDD-851B-B9234B6A6B8D}.Debug|Any CPU.ActiveCfg = Debug|Any CPU
		{549E4783-912B-4DDD-851B-B9234B6A6B8D}.Debug|Any CPU.Build.0 = Debug|Any CPU
		{549E4783-912B-4DDD-851B-B9234B6A6B8D}.Release|Any CPU.ActiveCfg = Release|Any CPU
		{549E4783-912B-4DDD-851B-B9234B6A6B8D}.Release|Any CPU.Build.0 = Release|Any CPU
	EndGlobalSection
	GlobalSection(SolutionProperties) = preSolution
		HideSolutionNode = FALSE
	EndGlobalSection
	GlobalSection(ExtensibilityGlobals) = postSolution
		SolutionGuid = {AC0E02CE-25EE-47D7-BA82-0979F1D860C8}
	EndGlobalSection
EndGlobal
