
Microsoft Visual Studio Solution File, Format Version 12.00
# Visual Studio Version 17
VisualStudioVersion = 17.3.32811.315
MinimumVisualStudioVersion = 10.0.40219.1
Project("{FAE04EC0-301F-11D3-BF4B-00C04F79EFBC}") = "BGUSammanfattning2", "BGUSammanfattning2\BGUSammanfattning2.csproj", "{E470FDD5-9CFC-4297-B452-3018349DA271}"
EndProject
Global
	GlobalSection(SolutionConfigurationPlatforms) = preSolution
		Debug|Any CPU = Debug|Any CPU
		Release|Any CPU = Release|Any CPU
	EndGlobalSection
	GlobalSection(ProjectConfigurationPlatforms) = postSolution
		{E470FDD5-9CFC-4297-B452-3018349DA271}.Debug|Any CPU.ActiveCfg = Debug|Any CPU
		{E470FDD5-9CFC-4297-B452-3018349DA271}.Debug|Any CPU.Build.0 = Debug|Any CPU
		{E470FDD5-9CFC-4297-B452-3018349DA271}.Release|Any CPU.ActiveCfg = Release|Any CPU
		{E470FDD5-9CFC-4297-B452-3018349DA271}.Release|Any CPU.Build.0 = Release|Any CPU
	EndGlobalSection
	GlobalSection(SolutionProperties) = preSolution
		HideSolutionNode = FALSE
	EndGlobalSection
	GlobalSection(ExtensibilityGlobals) = postSolution
		SolutionGuid = {FE50A182-366E-40BF-9D65-E253BF354C66}
	EndGlobalSection
EndGlobal
