
Microsoft Visual Studio Solution File, Format Version 12.00
# Visual Studio Version 17
VisualStudioVersion = 17.2.32516.85
MinimumVisualStudioVersion = 10.0.40219.1
Project("{FAE04EC0-301F-11D3-BF4B-00C04F79EFBC}") = "BGU20220424-Calculator", "BGU20220424-Calculator\BGU20220424-Calculator.csproj", "{40FECA41-057B-4EB6-AC61-F2B22EE87BAF}"
EndProject
Global
	GlobalSection(SolutionConfigurationPlatforms) = preSolution
		Debug|Any CPU = Debug|Any CPU
		Release|Any CPU = Release|Any CPU
	EndGlobalSection
	GlobalSection(ProjectConfigurationPlatforms) = postSolution
		{40FECA41-057B-4EB6-AC61-F2B22EE87BAF}.Debug|Any CPU.ActiveCfg = Debug|Any CPU
		{40FECA41-057B-4EB6-AC61-F2B22EE87BAF}.Debug|Any CPU.Build.0 = Debug|Any CPU
		{40FECA41-057B-4EB6-AC61-F2B22EE87BAF}.Release|Any CPU.ActiveCfg = Release|Any CPU
		{40FECA41-057B-4EB6-AC61-F2B22EE87BAF}.Release|Any CPU.Build.0 = Release|Any CPU
	EndGlobalSection
	GlobalSection(SolutionProperties) = preSolution
		HideSolutionNode = FALSE
	EndGlobalSection
	GlobalSection(ExtensibilityGlobals) = postSolution
		SolutionGuid = {4BB9E75B-3816-4E29-B005-55C8853D78AE}
	EndGlobalSection
EndGlobal
