
Microsoft Visual Studio Solution File, Format Version 12.00
# Visual Studio Version 17
VisualStudioVersion = 17.1.32421.90
MinimumVisualStudioVersion = 10.0.40219.1
Project("{FAE04EC0-301F-11D3-BF4B-00C04F79EFBC}") = "bgu220505E", "bgu220505E\bgu220505E.csproj", "{4F18EDFD-A0EA-43F9-800C-DD1D93F09813}"
EndProject
Global
	GlobalSection(SolutionConfigurationPlatforms) = preSolution
		Debug|Any CPU = Debug|Any CPU
		Release|Any CPU = Release|Any CPU
	EndGlobalSection
	GlobalSection(ProjectConfigurationPlatforms) = postSolution
		{4F18EDFD-A0EA-43F9-800C-DD1D93F09813}.Debug|Any CPU.ActiveCfg = Debug|Any CPU
		{4F18EDFD-A0EA-43F9-800C-DD1D93F09813}.Debug|Any CPU.Build.0 = Debug|Any CPU
		{4F18EDFD-A0EA-43F9-800C-DD1D93F09813}.Release|Any CPU.ActiveCfg = Release|Any CPU
		{4F18EDFD-A0EA-43F9-800C-DD1D93F09813}.Release|Any CPU.Build.0 = Release|Any CPU
	EndGlobalSection
	GlobalSection(SolutionProperties) = preSolution
		HideSolutionNode = FALSE
	EndGlobalSection
	GlobalSection(ExtensibilityGlobals) = postSolution
		SolutionGuid = {4C5F5DEF-9E80-4CE5-AD3A-595908874AC2}
	EndGlobalSection
EndGlobal
