
Microsoft Visual Studio Solution File, Format Version 12.00
# Visual Studio Version 17
VisualStudioVersion = 17.2.32516.85
MinimumVisualStudioVersion = 10.0.40219.1
Project("{FAE04EC0-301F-11D3-BF4B-00C04F79EFBC}") = "BGU20220524-Arv och metoder", "BGU20220524-Arv och metoder\BGU20220524-Arv och metoder.csproj", "{8D0A21D4-478B-4725-B923-B0704D5A1212}"
EndProject
Global
	GlobalSection(SolutionConfigurationPlatforms) = preSolution
		Debug|Any CPU = Debug|Any CPU
		Release|Any CPU = Release|Any CPU
	EndGlobalSection
	GlobalSection(ProjectConfigurationPlatforms) = postSolution
		{8D0A21D4-478B-4725-B923-B0704D5A1212}.Debug|Any CPU.ActiveCfg = Debug|Any CPU
		{8D0A21D4-478B-4725-B923-B0704D5A1212}.Debug|Any CPU.Build.0 = Debug|Any CPU
		{8D0A21D4-478B-4725-B923-B0704D5A1212}.Release|Any CPU.ActiveCfg = Release|Any CPU
		{8D0A21D4-478B-4725-B923-B0704D5A1212}.Release|Any CPU.Build.0 = Release|Any CPU
	EndGlobalSection
	GlobalSection(SolutionProperties) = preSolution
		HideSolutionNode = FALSE
	EndGlobalSection
	GlobalSection(ExtensibilityGlobals) = postSolution
		SolutionGuid = {7A5324D0-D382-4BD2-9B0B-2FC1833CFE79}
	EndGlobalSection
EndGlobal
