
Microsoft Visual Studio Solution File, Format Version 12.00
# Visual Studio Version 17
VisualStudioVersion = 17.3.32819.101
MinimumVisualStudioVersion = 10.0.40219.1
Project("{FAE04EC0-301F-11D3-BF4B-00C04F79EFBC}") = "DateAndTime", "DateAndTime\DateAndTime.csproj", "{9D7FE800-6229-4229-9514-142DB5886214}"
EndProject
Global
	GlobalSection(SolutionConfigurationPlatforms) = preSolution
		Debug|Any CPU = Debug|Any CPU
		Release|Any CPU = Release|Any CPU
	EndGlobalSection
	GlobalSection(ProjectConfigurationPlatforms) = postSolution
		{9D7FE800-6229-4229-9514-142DB5886214}.Debug|Any CPU.ActiveCfg = Debug|Any CPU
		{9D7FE800-6229-4229-9514-142DB5886214}.Debug|Any CPU.Build.0 = Debug|Any CPU
		{9D7FE800-6229-4229-9514-142DB5886214}.Release|Any CPU.ActiveCfg = Release|Any CPU
		{9D7FE800-6229-4229-9514-142DB5886214}.Release|Any CPU.Build.0 = Release|Any CPU
	EndGlobalSection
	GlobalSection(SolutionProperties) = preSolution
		HideSolutionNode = FALSE
	EndGlobalSection
	GlobalSection(ExtensibilityGlobals) = postSolution
		SolutionGuid = {18805658-BE65-4C7F-8E62-B866653575A6}
	EndGlobalSection
EndGlobal
