
Microsoft Visual Studio Solution File, Format Version 12.00
# Visual Studio Version 17
VisualStudioVersion = 17.1.32421.90
MinimumVisualStudioVersion = 10.0.40219.1
Project("{FAE04EC0-301F-11D3-BF4B-00C04F79EFBC}") = "gissningslek", "gissningslek\gissningslek.csproj", "{060D228B-8F8F-4FE7-A730-7D03EF64F38F}"
EndProject
Global
	GlobalSection(SolutionConfigurationPlatforms) = preSolution
		Debug|Any CPU = Debug|Any CPU
		Release|Any CPU = Release|Any CPU
	EndGlobalSection
	GlobalSection(ProjectConfigurationPlatforms) = postSolution
		{060D228B-8F8F-4FE7-A730-7D03EF64F38F}.Debug|Any CPU.ActiveCfg = Debug|Any CPU
		{060D228B-8F8F-4FE7-A730-7D03EF64F38F}.Debug|Any CPU.Build.0 = Debug|Any CPU
		{060D228B-8F8F-4FE7-A730-7D03EF64F38F}.Release|Any CPU.ActiveCfg = Release|Any CPU
		{060D228B-8F8F-4FE7-A730-7D03EF64F38F}.Release|Any CPU.Build.0 = Release|Any CPU
	EndGlobalSection
	GlobalSection(SolutionProperties) = preSolution
		HideSolutionNode = FALSE
	EndGlobalSection
	GlobalSection(ExtensibilityGlobals) = postSolution
		SolutionGuid = {2A5FBDA0-690F-4709-888C-845C917E425B}
	EndGlobalSection
EndGlobal
